
Microsoft Visual Studio Solution File, Format Version 12.00
# Visual Studio Version 17
VisualStudioVersion = 17.6.33723.286
MinimumVisualStudioVersion = 10.0.40219.1
Project("{FAE04EC0-301F-11D3-BF4B-00C04F79EFBC}") = "FR_14_02", "FR_14_02\FR_14_02.csproj", "{8423DDC9-7A54-4BA1-91FE-9C8F3D46698A}"
EndProject
Project("{FAE04EC0-301F-11D3-BF4B-00C04F79EFBC}") = "POTSAM", "POTSAM\POTSAM.csproj", "{A9D82B83-0364-4D38-871A-08C9BAEFA866}"
EndProject
Project("{FAE04EC0-301F-11D3-BF4B-00C04F79EFBC}") = "AL_05_01", "AL_05_01\AL_05_01.csproj", "{3712725E-D5A0-47D0-ABCF-B695D805033B}"
EndProject
Project("{FAE04EC0-301F-11D3-BF4B-00C04F79EFBC}") = "FR_09_06", "FR_09_06\FR_09_06.csproj", "{90496FEF-2A38-4E14-83CB-FC56970B5693}"
EndProject
Global
	GlobalSection(SolutionConfigurationPlatforms) = preSolution
		Debug|Any CPU = Debug|Any CPU
		Release|Any CPU = Release|Any CPU
	EndGlobalSection
	GlobalSection(ProjectConfigurationPlatforms) = postSolution
		{8423DDC9-7A54-4BA1-91FE-9C8F3D46698A}.Debug|Any CPU.ActiveCfg = Debug|Any CPU
		{8423DDC9-7A54-4BA1-91FE-9C8F3D46698A}.Debug|Any CPU.Build.0 = Debug|Any CPU
		{8423DDC9-7A54-4BA1-91FE-9C8F3D46698A}.Release|Any CPU.ActiveCfg = Release|Any CPU
		{8423DDC9-7A54-4BA1-91FE-9C8F3D46698A}.Release|Any CPU.Build.0 = Release|Any CPU
		{A9D82B83-0364-4D38-871A-08C9BAEFA866}.Debug|Any CPU.ActiveCfg = Debug|Any CPU
		{A9D82B83-0364-4D38-871A-08C9BAEFA866}.Debug|Any CPU.Build.0 = Debug|Any CPU
		{A9D82B83-0364-4D38-871A-08C9BAEFA866}.Release|Any CPU.ActiveCfg = Release|Any CPU
		{A9D82B83-0364-4D38-871A-08C9BAEFA866}.Release|Any CPU.Build.0 = Release|Any CPU
		{3712725E-D5A0-47D0-ABCF-B695D805033B}.Debug|Any CPU.ActiveCfg = Debug|Any CPU
		{3712725E-D5A0-47D0-ABCF-B695D805033B}.Debug|Any CPU.Build.0 = Debug|Any CPU
		{3712725E-D5A0-47D0-ABCF-B695D805033B}.Release|Any CPU.ActiveCfg = Release|Any CPU
		{3712725E-D5A0-47D0-ABCF-B695D805033B}.Release|Any CPU.Build.0 = Release|Any CPU
		{90496FEF-2A38-4E14-83CB-FC56970B5693}.Debug|Any CPU.ActiveCfg = Debug|Any CPU
		{90496FEF-2A38-4E14-83CB-FC56970B5693}.Debug|Any CPU.Build.0 = Debug|Any CPU
		{90496FEF-2A38-4E14-83CB-FC56970B5693}.Release|Any CPU.ActiveCfg = Release|Any CPU
		{90496FEF-2A38-4E14-83CB-FC56970B5693}.Release|Any CPU.Build.0 = Release|Any CPU
	EndGlobalSection
	GlobalSection(SolutionProperties) = preSolution
		HideSolutionNode = FALSE
	EndGlobalSection
	GlobalSection(ExtensibilityGlobals) = postSolution
		SolutionGuid = {BEA9E17D-CC28-40C2-9E34-59DE7D359C9F}
	EndGlobalSection
EndGlobal
